<?xml version="1.0" encoding="utf-8"?>
<Project ToolsVersion="4.0" xmlns="http://schemas.microsoft.com/developer/msbuild/2003">
  <ItemGroup>
    <Filter Include="Source Files">
      <UniqueIdentifier>{7b3f7634-5173-4062-bfa6-ffa558f8566f}</UniqueIdentifier>
      <Extensions>cpp;c;cxx;rc;def;r;odl;idl;hpj;bat</Extensions>
    </Filter>
    <Filter Include="Header Files">
      <UniqueIdentifier>{449bb1eb-993e-4886-9468-009a79a0aeac}</UniqueIdentifier>
      <Extensions>h;hpp;hxx;hm;inl</Extensions>
    </Filter>
    <Filter Include="Resource Files">
      <UniqueIdentifier>{ea842a60-2f30-4663-9ecf-d31b79ff0465}</UniqueIdentifier>
      <Extensions>ico;cur;bmp;dlg;rc2;rct;bin;rgs;gif;jpg;jpeg;jpe</Extensions>
    </Filter>
  </ItemGroup>
  <ItemGroup>
    <ClCompile Include="Agmt1Square.cpp">
      <Filter>Source Files</Filter>
    </ClCompile>
    <ClCompile Include="Agmt1SquareBlue.cpp">
      <Filter>Source Files</Filter>
    </ClCompile>
    <ClCompile Include="Agmt1SquareBlueKO.cpp">
      <Filter>Source Files</Filter>
    </ClCompile>
    <ClCompile Include="Agmt1SquareGreen.cpp">
      <Filter>Source Files</Filter>
    </ClCompile>
    <ClCompile Include="Agmt1SquareGreenKO.cpp">
      <Filter>Source Files</Filter>
    </ClCompile>
    <ClCompile Include="Agmt1SquareKO.cpp">
      <Filter>Source Files</Filter>
    </ClCompile>
    <ClCompile Include="Agmt1SquareRedKO.cpp">
      <Filter>Source Files</Filter>
    </ClCompile>
    <ClCompile Include="AgmtBlueLineKO.cpp">
      <Filter>Source Files</Filter>
    </ClCompile>
    <ClCompile Include="AgmtFlashBlock.cpp">
      <Filter>Source Files</Filter>
    </ClCompile>
    <ClCompile Include="AgmtO.cpp">
      <Filter>Source Files</Filter>
    </ClCompile>
    <ClCompile Include="AgmtPlus.cpp">
      <Filter>Source Files</Filter>
    </ClCompile>
    <ClCompile Include="AgmtSinglePixelDance.cpp">
      <Filter>Source Files</Filter>
    </ClCompile>
    <ClCompile Include="AgmtSpinner.cpp">
      <Filter>Source Files</Filter>
    </ClCompile>
    <ClCompile Include="AgmtSquarePulse.cpp">
      <Filter>Source Files</Filter>
    </ClCompile>
    <ClCompile Include="AgmtVelScale.cpp">
      <Filter>Source Files</Filter>
    </ClCompile>
    <ClCompile Include="AgmtX.cpp">
      <Filter>Source Files</Filter>
    </ClCompile>
    <ClCompile Include="AmbBGFlasher.cpp">
      <Filter>Source Files</Filter>
    </ClCompile>
    <ClCompile Include="AmbBlinkTag.cpp">
      <Filter>Source Files</Filter>
    </ClCompile>
    <ClCompile Include="AmbColorWash.cpp">
      <Filter>Source Files</Filter>
    </ClCompile>
    <ClCompile Include="AmbComposer.cpp">
      <Filter>Source Files</Filter>
    </ClCompile>
    <ClCompile Include="AmbEmpty.cpp">
      <Filter>Source Files</Filter>
    </ClCompile>
    <ClCompile Include="AmbGreenWave.cpp">
      <Filter>Source Files</Filter>
    </ClCompile>
    <ClCompile Include="Ambient.cpp">
      <Filter>Source Files</Filter>
    </ClCompile>
    <ClCompile Include="AmbientA.cpp">
      <Filter>Source Files</Filter>
    </ClCompile>
    <ClCompile Include="AmbientCreatorHash.cpp">
      <Filter>Source Files</Filter>
    </ClCompile>
    <ClCompile Include="AmbientPixel.cpp">
      <Filter>Source Files</Filter>
    </ClCompile>
    <ClCompile Include="AmbKit.cpp">
      <Filter>Source Files</Filter>
    </ClCompile>
    <ClCompile Include="AmbRedStick.cpp">
      <Filter>Source Files</Filter>
    </ClCompile>
    <ClCompile Include="AmbSin.cpp">
      <Filter>Source Files</Filter>
    </ClCompile>
    <ClCompile Include="AmbSine.cpp">
      <Filter>Source Files</Filter>
    </ClCompile>
    <ClCompile Include="AmbSonar.cpp">
      <Filter>Source Files</Filter>
    </ClCompile>
    <ClCompile Include="AmbSound.cpp">
      <Filter>Source Files</Filter>
    </ClCompile>
    <ClCompile Include="AmbTargetFlash.cpp">
      <Filter>Source Files</Filter>
    </ClCompile>
    <ClCompile Include="AmbTron.cpp">
      <Filter>Source Files</Filter>
    </ClCompile>
    <ClCompile Include="AmbWashBang.cpp">
      <Filter>Source Files</Filter>
    </ClCompile>
    <ClCompile Include="AmbWillyWonka.cpp">
      <Filter>Source Files</Filter>
    </ClCompile>
    <ClCompile Include="ArrangementHash.cpp">
      <Filter>Source Files</Filter>
    </ClCompile>
    <ClCompile Include="AV1Square.cpp">
      <Filter>Source Files</Filter>
    </ClCompile>
    <ClCompile Include="AV1SquareBUS.cpp">
      <Filter>Source Files</Filter>
    </ClCompile>
    <ClCompile Include="AV1SquareKit.cpp">
      <Filter>Source Files</Filter>
    </ClCompile>
    <ClCompile Include="AV1SquarePulse.cpp">
      <Filter>Source Files</Filter>
    </ClCompile>
    <ClCompile Include="AV4Square.cpp">
      <Filter>Source Files</Filter>
    </ClCompile>
    <ClCompile Include="AV9Square.cpp">
      <Filter>Source Files</Filter>
    </ClCompile>
    <ClCompile Include="Avatar.cpp">
      <Filter>Source Files</Filter>
    </ClCompile>
    <ClCompile Include="AvatarCreatorHash.cpp">
      <Filter>Source Files</Filter>
    </ClCompile>
    <ClCompile Include="AVGeneric.cpp">
      <Filter>Source Files</Filter>
    </ClCompile>
    <ClCompile Include="AVHuge.cpp">
      <Filter>Source Files</Filter>
    </ClCompile>
    <ClCompile Include="AVPlusSign.cpp">
      <Filter>Source Files</Filter>
    </ClCompile>
    <ClCompile Include="AVSinglePixelDance.cpp">
      <Filter>Source Files</Filter>
    </ClCompile>
    <ClCompile Include="AVSmall.cpp">
      <Filter>Source Files</Filter>
    </ClCompile>
    <ClCompile Include="AVSonarPinger.cpp">
      <Filter>Source Files</Filter>
    </ClCompile>
    <ClCompile Include="BasePixel.cpp">
      <Filter>Source Files</Filter>
    </ClCompile>
    <ClCompile Include="Bounds.cpp">
      <Filter>Source Files</Filter>
    </ClCompile>
    <ClCompile Include="ColorChannel.cpp">
      <Filter>Source Files</Filter>
    </ClCompile>
    <ClCompile Include="ColorElement.cpp">
      <Filter>Source Files</Filter>
    </ClCompile>
    <ClCompile Include="ColorElementR.cpp">
      <Filter>Source Files</Filter>
    </ClCompile>
    <ClCompile Include="ColorElementRGB.cpp">
      <Filter>Source Files</Filter>
    </ClCompile>
    <ClCompile Include="CoordTransform.cpp">
      <Filter>Source Files</Filter>
    </ClCompile>
    <ClCompile Include="DataEnabler.cpp">
      <Filter>Source Files</Filter>
    </ClCompile>
    <ClCompile Include="DataEnablerFile.cpp">
      <Filter>Source Files</Filter>
    </ClCompile>
    <ClCompile Include="DataEnablers.cpp">
      <Filter>Source Files</Filter>
    </ClCompile>
    <ClCompile Include="Dummies.cpp">
      <Filter>Source Files</Filter>
    </ClCompile>
    <ClCompile Include="globals.cpp">
      <Filter>Source Files</Filter>
    </ClCompile>
    <ClCompile Include="ICycle.cpp">
      <Filter>Source Files</Filter>
    </ClCompile>
    <ClCompile Include="IGeneric.cpp">
      <Filter>Source Files</Filter>
    </ClCompile>
    <ClCompile Include="IHoldAndFade.cpp">
      <Filter>Source Files</Filter>
    </ClCompile>
    <ClCompile Include="InterpGen.cpp">
      <Filter>Source Files</Filter>
    </ClCompile>
    <ClCompile Include="Interpolator.cpp">
      <Filter>Source Files</Filter>
    </ClCompile>
    <ClCompile Include="Interpolators.cpp">
      <Filter>Source Files</Filter>
    </ClCompile>
    <ClCompile Include="LECoveStick.cpp">
      <Filter>Source Files</Filter>
    </ClCompile>
    <ClCompile Include="LETargetCircle.cpp">
      <Filter>Source Files</Filter>
    </ClCompile>
    <ClCompile Include="LightElement.cpp">
      <Filter>Source Files</Filter>
    </ClCompile>
    <ClCompile Include="LightFile.cpp">
      <Filter>Source Files</Filter>
    </ClCompile>
    <ClCompile Include="MasterController.cpp">
      <Filter>Source Files</Filter>
    </ClCompile>
    <ClCompile Include="MCA.cpp">
      <Filter>Source Files</Filter>
    </ClCompile>
    <ClCompile Include="MCB.cpp">
      <Filter>Source Files</Filter>
    </ClCompile>
    <ClCompile Include="MCCrowded.cpp">
      <Filter>Source Files</Filter>
    </ClCompile>
    <ClCompile Include="MCEmpty.cpp">
      <Filter>Source Files</Filter>
    </ClCompile>
    <ClCompile Include="MCGeneric.cpp">
      <Filter>Source Files</Filter>
    </ClCompile>
    <ClCompile Include="MCH.cpp">
      <Filter>Source Files</Filter>
    </ClCompile>
    <ClCompile Include="MCMobbed.cpp">
      <Filter>Source Files</Filter>
    </ClCompile>
    <ClCompile Include="MCPause.cpp">
      <Filter>Source Files</Filter>
    </ClCompile>
    <ClCompile Include="MCPopulated.cpp">
      <Filter>Source Files</Filter>
    </ClCompile>
    <ClCompile Include="MCSinglePixelDance.cpp">
      <Filter>Source Files</Filter>
    </ClCompile>
    <ClCompile Include="MCSparce.cpp">
      <Filter>Source Files</Filter>
    </ClCompile>
    <ClCompile Include="MCTargetFlash.cpp">
      <Filter>Source Files</Filter>
    </ClCompile>
    <ClCompile Include="OffsetPixel.cpp">
      <Filter>Source Files</Filter>
    </ClCompile>
    <ClCompile Include="Panel.cpp">
      <Filter>Source Files</Filter>
    </ClCompile>
    <ClCompile Include="Panels.cpp">
      <Filter>Source Files</Filter>
    </ClCompile>
    <ClCompile Include="PatGeneric.cpp">
      <Filter>Source Files</Filter>
    </ClCompile>
    <ClCompile Include="Pattern.cpp">
      <Filter>Source Files</Filter>
    </ClCompile>
    <ClCompile Include="Pattern1Square.cpp">
      <Filter>Source Files</Filter>
    </ClCompile>
    <ClCompile Include="Pattern9Square.cpp">
      <Filter>Source Files</Filter>
    </ClCompile>
    <ClCompile Include="PatternA.cpp">
      <Filter>Source Files</Filter>
    </ClCompile>
    <ClCompile Include="PatternB.cpp">
      <Filter>Source Files</Filter>
    </ClCompile>
    <ClCompile Include="PatternPixelDance.cpp">
      <Filter>Source Files</Filter>
    </ClCompile>
    <ClCompile Include="PatternPlusSign.cpp">
      <Filter>Source Files</Filter>
    </ClCompile>
    <ClCompile Include="PeopleStats.cpp">
      <Filter>Source Files</Filter>
    </ClCompile>
    <ClCompile Include="PersonStats.cpp">
      <Filter>Source Files</Filter>
    </ClCompile>
    <ClCompile Include="Pixel.cpp">
      <Filter>Source Files</Filter>
    </ClCompile>
    <ClCompile Include="profile.cpp">
      <Filter>Source Files</Filter>
    </ClCompile>
    <ClCompile Include="rocklights.cpp">
      <Filter>Source Files</Filter>
    </ClCompile>
    <ClCompile Include="Sound.cpp">
      <Filter>Source Files</Filter>
    </ClCompile>
    <ClCompile Include="SoundHash.cpp">
      <Filter>Source Files</Filter>
    </ClCompile>
    <ClCompile Include="SoundSourcePool.cpp">
      <Filter>Source Files</Filter>
    </ClCompile>
    <ClCompile Include="StringSeq.cpp">
      <Filter>Source Files</Filter>
    </ClCompile>
    <ClCompile Include="StringUtils.cpp">
      <Filter>Source Files</Filter>
    </ClCompile>
    <ClCompile Include="SubPixel.cpp">
      <Filter>Source Files</Filter>
    </ClCompile>
    <ClCompile Include="TargetPixel.cpp">
      <Filter>Source Files</Filter>
    </ClCompile>
    <ClCompile Include="TextureLoader.cpp">
      <Filter>Source Files</Filter>
    </ClCompile>
    <ClCompile Include="Tracker.cpp">
      <Filter>Source Files</Filter>
    </ClCompile>
    <ClCompile Include="Transformer.cpp">
      <Filter>Source Files</Filter>
    </ClCompile>
    <ClCompile Include="WorldStats.cpp">
      <Filter>Source Files</Filter>
    </ClCompile>
    <ClCompile Include="Agmt1SquareRed.cpp">
      <Filter>Source Files</Filter>
    </ClCompile>
    <ClCompile Include="AgmtWashEnter.cpp">
      <Filter>Source Files</Filter>
    </ClCompile>
    <ClCompile Include="AgmtBigCross.cpp">
      <Filter>Source Files</Filter>
    </ClCompile>
  </ItemGroup>
  <ItemGroup>
    <ClInclude Include="Agmt1Square.h">
      <Filter>Header Files</Filter>
    </ClInclude>
    <ClInclude Include="Agmt1SquareBlue.h">
      <Filter>Header Files</Filter>
    </ClInclude>
    <ClInclude Include="Agmt1SquareBlueKO.h">
      <Filter>Header Files</Filter>
    </ClInclude>
    <ClInclude Include="Agmt1SquareGreen.h">
      <Filter>Header Files</Filter>
    </ClInclude>
    <ClInclude Include="Agmt1SquareGreenKO.h">
      <Filter>Header Files</Filter>
    </ClInclude>
    <ClInclude Include="Agmt1SquareKO.h">
      <Filter>Header Files</Filter>
    </ClInclude>
    <ClInclude Include="Agmt1SquareRedKO.h">
      <Filter>Header Files</Filter>
    </ClInclude>
    <ClInclude Include="AgmtBlueLineKO.h">
      <Filter>Header Files</Filter>
    </ClInclude>
    <ClInclude Include="AgmtFlashBlock.h">
      <Filter>Header Files</Filter>
    </ClInclude>
    <ClInclude Include="AgmtO.h">
      <Filter>Header Files</Filter>
    </ClInclude>
    <ClInclude Include="AgmtPlus.h">
      <Filter>Header Files</Filter>
    </ClInclude>
    <ClInclude Include="AgmtSinglePixelDance.h">
      <Filter>Header Files</Filter>
    </ClInclude>
    <ClInclude Include="AgmtSpinner.h">
      <Filter>Header Files</Filter>
    </ClInclude>
    <ClInclude Include="AgmtSquarePulse.h">
      <Filter>Header Files</Filter>
    </ClInclude>
    <ClInclude Include="AgmtVelScale.h">
      <Filter>Header Files</Filter>
    </ClInclude>
    <ClInclude Include="AgmtX.h">
      <Filter>Header Files</Filter>
    </ClInclude>
    <ClInclude Include="AmbBGFlasher.h">
      <Filter>Header Files</Filter>
    </ClInclude>
    <ClInclude Include="AmbBlinkTag.h">
      <Filter>Header Files</Filter>
    </ClInclude>
    <ClInclude Include="AmbColorWash.h">
      <Filter>Header Files</Filter>
    </ClInclude>
    <ClInclude Include="AmbComposer.h">
      <Filter>Header Files</Filter>
    </ClInclude>
    <ClInclude Include="AmbEmpty.h">
      <Filter>Header Files</Filter>
    </ClInclude>
    <ClInclude Include="AmbGreenWave.h">
      <Filter>Header Files</Filter>
    </ClInclude>
    <ClInclude Include="Ambient.h">
      <Filter>Header Files</Filter>
    </ClInclude>
    <ClInclude Include="AmbientA.h">
      <Filter>Header Files</Filter>
    </ClInclude>
    <ClInclude Include="AmbientCreator.h">
      <Filter>Header Files</Filter>
    </ClInclude>
    <ClInclude Include="AmbientCreatorHash.h">
      <Filter>Header Files</Filter>
    </ClInclude>
    <ClInclude Include="AmbientPixel.h">
      <Filter>Header Files</Filter>
    </ClInclude>
    <ClInclude Include="AmbKit.h">
      <Filter>Header Files</Filter>
    </ClInclude>
    <ClInclude Include="AmbRedStick.h">
      <Filter>Header Files</Filter>
    </ClInclude>
    <ClInclude Include="AmbSin.h">
      <Filter>Header Files</Filter>
    </ClInclude>
    <ClInclude Include="AmbSine.h">
      <Filter>Header Files</Filter>
    </ClInclude>
    <ClInclude Include="AmbSonar.h">
      <Filter>Header Files</Filter>
    </ClInclude>
    <ClInclude Include="AmbSound.h">
      <Filter>Header Files</Filter>
    </ClInclude>
    <ClInclude Include="AmbTargetFlash.h">
      <Filter>Header Files</Filter>
    </ClInclude>
    <ClInclude Include="AmbTron.h">
      <Filter>Header Files</Filter>
    </ClInclude>
    <ClInclude Include="AmbWashBang.h">
      <Filter>Header Files</Filter>
    </ClInclude>
    <ClInclude Include="AmbWillyWonka.h">
      <Filter>Header Files</Filter>
    </ClInclude>
    <ClInclude Include="Arrangement.h">
      <Filter>Header Files</Filter>
    </ClInclude>
    <ClInclude Include="ArrangementHash.h">
      <Filter>Header Files</Filter>
    </ClInclude>
    <ClInclude Include="AV1Square.h">
      <Filter>Header Files</Filter>
    </ClInclude>
    <ClInclude Include="AV1SquareBUS.h">
      <Filter>Header Files</Filter>
    </ClInclude>
    <ClInclude Include="AV1SquareKit.h">
      <Filter>Header Files</Filter>
    </ClInclude>
    <ClInclude Include="AV1SquarePulse.h">
      <Filter>Header Files</Filter>
    </ClInclude>
    <ClInclude Include="AV4Square.h">
      <Filter>Header Files</Filter>
    </ClInclude>
    <ClInclude Include="AV9Square.h">
      <Filter>Header Files</Filter>
    </ClInclude>
    <ClInclude Include="Avatar.h">
      <Filter>Header Files</Filter>
    </ClInclude>
    <ClInclude Include="AvatarCreator.h">
      <Filter>Header Files</Filter>
    </ClInclude>
    <ClInclude Include="AvatarCreatorHash.h">
      <Filter>Header Files</Filter>
    </ClInclude>
    <ClInclude Include="AVGeneric.h">
      <Filter>Header Files</Filter>
    </ClInclude>
    <ClInclude Include="AVHuge.h">
      <Filter>Header Files</Filter>
    </ClInclude>
    <ClInclude Include="AVPlusSign.h">
      <Filter>Header Files</Filter>
    </ClInclude>
    <ClInclude Include="AVSinglePixelDance.h">
      <Filter>Header Files</Filter>
    </ClInclude>
    <ClInclude Include="AVSmall.h">
      <Filter>Header Files</Filter>
    </ClInclude>
    <ClInclude Include="AVSonarPinger.h">
      <Filter>Header Files</Filter>
    </ClInclude>
    <ClInclude Include="BasePixel.h">
      <Filter>Header Files</Filter>
    </ClInclude>
    <ClInclude Include="Bounds.h">
      <Filter>Header Files</Filter>
    </ClInclude>
    <ClInclude Include="ColorChannel.h">
      <Filter>Header Files</Filter>
    </ClInclude>
    <ClInclude Include="ColorElement.h">
      <Filter>Header Files</Filter>
    </ClInclude>
    <ClInclude Include="ColorElementR.h">
      <Filter>Header Files</Filter>
    </ClInclude>
    <ClInclude Include="ColorElementRGB.h">
      <Filter>Header Files</Filter>
    </ClInclude>
    <ClInclude Include="CoordTransform.h">
      <Filter>Header Files</Filter>
    </ClInclude>
    <ClInclude Include="DataEnabler.h">
      <Filter>Header Files</Filter>
    </ClInclude>
    <ClInclude Include="DataEnablerFile.h">
      <Filter>Header Files</Filter>
    </ClInclude>
    <ClInclude Include="DataEnablers.h">
      <Filter>Header Files</Filter>
    </ClInclude>
    <ClInclude Include="debug.h">
      <Filter>Header Files</Filter>
    </ClInclude>
    <ClInclude Include="Dummies.h">
      <Filter>Header Files</Filter>
    </ClInclude>
    <ClInclude Include="globals.h">
      <Filter>Header Files</Filter>
    </ClInclude>
    <ClInclude Include="ICycle.h">
      <Filter>Header Files</Filter>
    </ClInclude>
    <ClInclude Include="IGeneric.h">
      <Filter>Header Files</Filter>
    </ClInclude>
    <ClInclude Include="IHoldAndFade.h">
      <Filter>Header Files</Filter>
    </ClInclude>
    <ClInclude Include="InterpGen.h">
      <Filter>Header Files</Filter>
    </ClInclude>
    <ClInclude Include="Interpolator.h">
      <Filter>Header Files</Filter>
    </ClInclude>
    <ClInclude Include="Interpolators.h">
      <Filter>Header Files</Filter>
    </ClInclude>
    <ClInclude Include="LECoveStick.h">
      <Filter>Header Files</Filter>
    </ClInclude>
    <ClInclude Include="LETargetCircle.h">
      <Filter>Header Files</Filter>
    </ClInclude>
    <ClInclude Include="LightElement.h">
      <Filter>Header Files</Filter>
    </ClInclude>
    <ClInclude Include="LightFile.h">
      <Filter>Header Files</Filter>
    </ClInclude>
    <ClInclude Include="MasterController.h">
      <Filter>Header Files</Filter>
    </ClInclude>
    <ClInclude Include="MCA.h">
      <Filter>Header Files</Filter>
    </ClInclude>
    <ClInclude Include="MCB.h">
      <Filter>Header Files</Filter>
    </ClInclude>
    <ClInclude Include="MCCrowded.h">
      <Filter>Header Files</Filter>
    </ClInclude>
    <ClInclude Include="MCEmpty.h">
      <Filter>Header Files</Filter>
    </ClInclude>
    <ClInclude Include="MCGeneric.h">
      <Filter>Header Files</Filter>
    </ClInclude>
    <ClInclude Include="MCMobbed.h">
      <Filter>Header Files</Filter>
    </ClInclude>
    <ClInclude Include="MCPause.h">
      <Filter>Header Files</Filter>
    </ClInclude>
    <ClInclude Include="MCPopulated.h">
      <Filter>Header Files</Filter>
    </ClInclude>
    <ClInclude Include="MCSinglePixelDance.h">
      <Filter>Header Files</Filter>
    </ClInclude>
    <ClInclude Include="MCSparce.h">
      <Filter>Header Files</Filter>
    </ClInclude>
    <ClInclude Include="MCTargetFlash.h">
      <Filter>Header Files</Filter>
    </ClInclude>
    <ClInclude Include="OffsetPixel.h">
      <Filter>Header Files</Filter>
    </ClInclude>
    <ClInclude Include="Panel.h">
      <Filter>Header Files</Filter>
    </ClInclude>
    <ClInclude Include="Panels.h">
      <Filter>Header Files</Filter>
    </ClInclude>
    <ClInclude Include="PatGeneric.h">
      <Filter>Header Files</Filter>
    </ClInclude>
    <ClInclude Include="Pattern.h">
      <Filter>Header Files</Filter>
    </ClInclude>
    <ClInclude Include="Pattern1Square.h">
      <Filter>Header Files</Filter>
    </ClInclude>
    <ClInclude Include="Pattern9Square.h">
      <Filter>Header Files</Filter>
    </ClInclude>
    <ClInclude Include="PatternA.h">
      <Filter>Header Files</Filter>
    </ClInclude>
    <ClInclude Include="PatternB.h">
      <Filter>Header Files</Filter>
    </ClInclude>
    <ClInclude Include="PatternPixelDance.h">
      <Filter>Header Files</Filter>
    </ClInclude>
    <ClInclude Include="PatternPlusSign.h">
      <Filter>Header Files</Filter>
    </ClInclude>
    <ClInclude Include="PeopleStats.h">
      <Filter>Header Files</Filter>
    </ClInclude>
    <ClInclude Include="PersonStats.h">
      <Filter>Header Files</Filter>
    </ClInclude>
    <ClInclude Include="Pixel.h">
      <Filter>Header Files</Filter>
    </ClInclude>
    <ClInclude Include="profile.h">
      <Filter>Header Files</Filter>
    </ClInclude>
    <ClInclude Include="Sound.h">
      <Filter>Header Files</Filter>
    </ClInclude>
    <ClInclude Include="SoundHash.h">
      <Filter>Header Files</Filter>
    </ClInclude>
    <ClInclude Include="SoundSourcePool.h">
      <Filter>Header Files</Filter>
    </ClInclude>
    <ClInclude Include="StringSeq.h">
      <Filter>Header Files</Filter>
    </ClInclude>
    <ClInclude Include="StringUtils.h">
      <Filter>Header Files</Filter>
    </ClInclude>
    <ClInclude Include="SubPixel.h">
      <Filter>Header Files</Filter>
    </ClInclude>
    <ClInclude Include="TargetPixel.h">
      <Filter>Header Files</Filter>
    </ClInclude>
    <ClInclude Include="TextureLoader.h">
      <Filter>Header Files</Filter>
    </ClInclude>
    <ClInclude Include="Tracker.h">
      <Filter>Header Files</Filter>
    </ClInclude>
    <ClInclude Include="Transformer.h">
      <Filter>Header Files</Filter>
    </ClInclude>
    <ClInclude Include="WorldStats.h">
      <Filter>Header Files</Filter>
    </ClInclude>
    <ClInclude Include="Agmt1SquareRed.h">
      <Filter>Header Files</Filter>
    </ClInclude>
    <ClInclude Include="AgmtWashEnter.h">
      <Filter>Header Files</Filter>
    </ClInclude>
    <ClInclude Include="AgmtBigCross.h">
      <Filter>Header Files</Filter>
    </ClInclude>
  </ItemGroup>
  <ItemGroup>
    <None Include="ReadMe.txt" />
    <None Include="todo.txt" />
    <None Include="lights_old.txt" />
    <None Include="DataEnablers_old.txt" />
    <None Include="profile_old.txt" />
    <None Include="dataEnablers.txt" />
    <None Include="lights.txt" />
    <None Include="profile.txt" />
  </ItemGroup>
</Project>