
Microsoft Visual Studio Solution File, Format Version 11.00
# Visual C++ Express 2010
Project("{8BC9CEB8-8B4A-11D0-8D11-00A0C91BC942}") = "rocklights", "rocklights.vcxproj", "{B865E11F-5587-4987-A681-29B2C6FEE58E}"
EndProject
Global
	GlobalSection(SolutionConfigurationPlatforms) = preSolution
		Debug|Win32 = Debug|Win32
		Release|Win32 = Release|Win32
	EndGlobalSection
	GlobalSection(ProjectConfigurationPlatforms) = postSolution
		{B865E11F-5587-4987-A681-29B2C6FEE58E}.Debug|Win32.ActiveCfg = Release|Win32
		{B865E11F-5587-4987-A681-29B2C6FEE58E}.Debug|Win32.Build.0 = Release|Win32
		{B865E11F-5587-4987-A681-29B2C6FEE58E}.Release|Win32.ActiveCfg = Release|Win32
		{B865E11F-5587-4987-A681-29B2C6FEE58E}.Release|Win32.Build.0 = Release|Win32
	EndGlobalSection
	GlobalSection(SolutionProperties) = preSolution
		HideSolutionNode = FALSE
	EndGlobalSection
EndGlobal
